
Microsoft Visual Studio Solution File, Format Version 12.00
# Visual Studio Version 17
VisualStudioVersion = 17.14.36301.6
MinimumVisualStudioVersion = 10.0.40219.1
Project("{FAE04EC0-301F-11D3-BF4B-00C04F79EFBC}") = "E-Commerce.Web", "E-Commerce.Web\E-Commerce.Web.csproj", "{6245B8A9-4443-46CD-A47A-3D98C0D2F0FE}"
EndProject
Project("{FAE04EC0-301F-11D3-BF4B-00C04F79EFBC}") = "E-Commerce.Business", "E-Commerce.Business\E-Commerce.Business.csproj", "{1EFC7D1D-7FA7-45E6-8518-E0E45BE84109}"
EndProject
Project("{FAE04EC0-301F-11D3-BF4B-00C04F79EFBC}") = "E-Commerce.DataAccess", "E-Commerce.DataAccess\E-Commerce.DataAccess.csproj", "{02EFB59C-AF14-46A3-98FD-0935039A43F7}"
EndProject
Global
	GlobalSection(SolutionConfigurationPlatforms) = preSolution
		Debug|Any CPU = Debug|Any CPU
		Release|Any CPU = Release|Any CPU
	EndGlobalSection
	GlobalSection(ProjectConfigurationPlatforms) = postSolution
		{6245B8A9-4443-46CD-A47A-3D98C0D2F0FE}.Debug|Any CPU.ActiveCfg = Debug|Any CPU
		{6245B8A9-4443-46CD-A47A-3D98C0D2F0FE}.Debug|Any CPU.Build.0 = Debug|Any CPU
		{6245B8A9-4443-46CD-A47A-3D98C0D2F0FE}.Release|Any CPU.ActiveCfg = Release|Any CPU
		{6245B8A9-4443-46CD-A47A-3D98C0D2F0FE}.Release|Any CPU.Build.0 = Release|Any CPU
		{1EFC7D1D-7FA7-45E6-8518-E0E45BE84109}.Debug|Any CPU.ActiveCfg = Debug|Any CPU
		{1EFC7D1D-7FA7-45E6-8518-E0E45BE84109}.Debug|Any CPU.Build.0 = Debug|Any CPU
		{1EFC7D1D-7FA7-45E6-8518-E0E45BE84109}.Release|Any CPU.ActiveCfg = Release|Any CPU
		{1EFC7D1D-7FA7-45E6-8518-E0E45BE84109}.Release|Any CPU.Build.0 = Release|Any CPU
		{02EFB59C-AF14-46A3-98FD-0935039A43F7}.Debug|Any CPU.ActiveCfg = Debug|Any CPU
		{02EFB59C-AF14-46A3-98FD-0935039A43F7}.Debug|Any CPU.Build.0 = Debug|Any CPU
		{02EFB59C-AF14-46A3-98FD-0935039A43F7}.Release|Any CPU.ActiveCfg = Release|Any CPU
		{02EFB59C-AF14-46A3-98FD-0935039A43F7}.Release|Any CPU.Build.0 = Release|Any CPU
	EndGlobalSection
	GlobalSection(SolutionProperties) = preSolution
		HideSolutionNode = FALSE
	EndGlobalSection
	GlobalSection(ExtensibilityGlobals) = postSolution
		SolutionGuid = {EDC8D3DC-B689-47FA-BC12-7DAC6885C112}
	EndGlobalSection
EndGlobal
